
Microsoft Visual Studio Solution File, Format Version 12.00
# Visual Studio 15
VisualStudioVersion = 15.0.28307.705
MinimumVisualStudioVersion = 10.0.40219.1
Project("{888888A0-9F3D-457C-B088-3A5042F75D52}") = "Snake_game", "Snake_game\Snake_game.pyproj", "{64131F9B-8BF7-4BF5-BF95-D516967B0F1B}"
EndProject
Global
	GlobalSection(SolutionConfigurationPlatforms) = preSolution
		Debug|Any CPU = Debug|Any CPU
		Release|Any CPU = Release|Any CPU
	EndGlobalSection
	GlobalSection(ProjectConfigurationPlatforms) = postSolution
		{64131F9B-8BF7-4BF5-BF95-D516967B0F1B}.Debug|Any CPU.ActiveCfg = Debug|Any CPU
		{64131F9B-8BF7-4BF5-BF95-D516967B0F1B}.Release|Any CPU.ActiveCfg = Release|Any CPU
	EndGlobalSection
	GlobalSection(SolutionProperties) = preSolution
		HideSolutionNode = FALSE
	EndGlobalSection
	GlobalSection(ExtensibilityGlobals) = postSolution
		SolutionGuid = {732F0A37-6E28-4097-A8D4-C4D72E936B97}
	EndGlobalSection
EndGlobal
